
Microsoft Visual Studio Solution File, Format Version 12.00
# Visual Studio 15
VisualStudioVersion = 15.0.28307.329
MinimumVisualStudioVersion = 10.0.40219.1
Project("{FAE04EC0-301F-11D3-BF4B-00C04F79EFBC}") = "HelloWPFApp", "HelloWPFApp\HelloWPFApp.csproj", "{475E1BDA-E68E-4813-B3A2-B696B7108F44}"
EndProject
Global
	GlobalSection(SolutionConfigurationPlatforms) = preSolution
		Debug|Any CPU = Debug|Any CPU
		Release|Any CPU = Release|Any CPU
	EndGlobalSection
	GlobalSection(ProjectConfigurationPlatforms) = postSolution
		{475E1BDA-E68E-4813-B3A2-B696B7108F44}.Debug|Any CPU.ActiveCfg = Debug|Any CPU
		{475E1BDA-E68E-4813-B3A2-B696B7108F44}.Debug|Any CPU.Build.0 = Debug|Any CPU
		{475E1BDA-E68E-4813-B3A2-B696B7108F44}.Release|Any CPU.ActiveCfg = Release|Any CPU
		{475E1BDA-E68E-4813-B3A2-B696B7108F44}.Release|Any CPU.Build.0 = Release|Any CPU
	EndGlobalSection
	GlobalSection(SolutionProperties) = preSolution
		HideSolutionNode = FALSE
	EndGlobalSection
	GlobalSection(ExtensibilityGlobals) = postSolution
		SolutionGuid = {0E8A9A77-DA2E-4681-9F20-35841E06F38F}
	EndGlobalSection
EndGlobal
